
Microsoft Visual Studio Solution File, Format Version 12.00
# Visual Studio Version 17
VisualStudioVersion = 17.14.36811.4
MinimumVisualStudioVersion = 10.0.40219.1
Project("{FAE04EC0-301F-11D3-BF4B-00C04F79EFBC}") = "StoreApp.Web", "StoreApp.Web\StoreApp.Web.csproj", "{5C5602B6-7B34-4802-A95E-6E490C30A180}"
EndProject
Project("{FAE04EC0-301F-11D3-BF4B-00C04F79EFBC}") = "StoreApp.Data", "StoreApp.Data\StoreApp.Data.csproj", "{F0ADA891-5E1F-486B-9F37-3F00598B8F87}"
EndProject
Global
	GlobalSection(SolutionConfigurationPlatforms) = preSolution
		Debug|Any CPU = Debug|Any CPU
		Debug|x64 = Debug|x64
		Debug|x86 = Debug|x86
		Release|Any CPU = Release|Any CPU
		Release|x64 = Release|x64
		Release|x86 = Release|x86
	EndGlobalSection
	GlobalSection(ProjectConfigurationPlatforms) = postSolution
		{5C5602B6-7B34-4802-A95E-6E490C30A180}.Debug|Any CPU.ActiveCfg = Debug|Any CPU
		{5C5602B6-7B34-4802-A95E-6E490C30A180}.Debug|Any CPU.Build.0 = Debug|Any CPU
		{5C5602B6-7B34-4802-A95E-6E490C30A180}.Debug|x64.ActiveCfg = Debug|Any CPU
		{5C5602B6-7B34-4802-A95E-6E490C30A180}.Debug|x64.Build.0 = Debug|Any CPU
		{5C5602B6-7B34-4802-A95E-6E490C30A180}.Debug|x86.ActiveCfg = Debug|Any CPU
		{5C5602B6-7B34-4802-A95E-6E490C30A180}.Debug|x86.Build.0 = Debug|Any CPU
		{5C5602B6-7B34-4802-A95E-6E490C30A180}.Release|Any CPU.ActiveCfg = Release|Any CPU
		{5C5602B6-7B34-4802-A95E-6E490C30A180}.Release|Any CPU.Build.0 = Release|Any CPU
		{5C5602B6-7B34-4802-A95E-6E490C30A180}.Release|x64.ActiveCfg = Release|Any CPU
		{5C5602B6-7B34-4802-A95E-6E490C30A180}.Release|x64.Build.0 = Release|Any CPU
		{5C5602B6-7B34-4802-A95E-6E490C30A180}.Release|x86.ActiveCfg = Release|Any CPU
		{5C5602B6-7B34-4802-A95E-6E490C30A180}.Release|x86.Build.0 = Release|Any CPU
		{F0ADA891-5E1F-486B-9F37-3F00598B8F87}.Debug|Any CPU.ActiveCfg = Debug|Any CPU
		{F0ADA891-5E1F-486B-9F37-3F00598B8F87}.Debug|Any CPU.Build.0 = Debug|Any CPU
		{F0ADA891-5E1F-486B-9F37-3F00598B8F87}.Debug|x64.ActiveCfg = Debug|Any CPU
		{F0ADA891-5E1F-486B-9F37-3F00598B8F87}.Debug|x64.Build.0 = Debug|Any CPU
		{F0ADA891-5E1F-486B-9F37-3F00598B8F87}.Debug|x86.ActiveCfg = Debug|Any CPU
		{F0ADA891-5E1F-486B-9F37-3F00598B8F87}.Debug|x86.Build.0 = Debug|Any CPU
		{F0ADA891-5E1F-486B-9F37-3F00598B8F87}.Release|Any CPU.ActiveCfg = Release|Any CPU
		{F0ADA891-5E1F-486B-9F37-3F00598B8F87}.Release|Any CPU.Build.0 = Release|Any CPU
		{F0ADA891-5E1F-486B-9F37-3F00598B8F87}.Release|x64.ActiveCfg = Release|Any CPU
		{F0ADA891-5E1F-486B-9F37-3F00598B8F87}.Release|x64.Build.0 = Release|Any CPU
		{F0ADA891-5E1F-486B-9F37-3F00598B8F87}.Release|x86.ActiveCfg = Release|Any CPU
		{F0ADA891-5E1F-486B-9F37-3F00598B8F87}.Release|x86.Build.0 = Release|Any CPU
	EndGlobalSection
	GlobalSection(SolutionProperties) = preSolution
		HideSolutionNode = FALSE
	EndGlobalSection
	GlobalSection(ExtensibilityGlobals) = postSolution
		SolutionGuid = {4B9DDD3F-B328-4AC8-B41C-DCF4938DEC0E}
	EndGlobalSection
EndGlobal
